
Microsoft Visual Studio Solution File, Format Version 12.00
# Visual Studio Version 17
VisualStudioVersion = 17.5.002.0
MinimumVisualStudioVersion = 10.0.40219.1
Project("{9A19103F-16F7-4668-BE54-9A1E7A4F7556}") = "C# jogo", "C# jogo.csproj", "{296C7806-31BA-49DF-B82A-85FCB20690EE}"
EndProject
Global
	GlobalSection(SolutionConfigurationPlatforms) = preSolution
		Debug|Any CPU = Debug|Any CPU
		Release|Any CPU = Release|Any CPU
	EndGlobalSection
	GlobalSection(ProjectConfigurationPlatforms) = postSolution
		{296C7806-31BA-49DF-B82A-85FCB20690EE}.Debug|Any CPU.ActiveCfg = Debug|Any CPU
		{296C7806-31BA-49DF-B82A-85FCB20690EE}.Debug|Any CPU.Build.0 = Debug|Any CPU
		{296C7806-31BA-49DF-B82A-85FCB20690EE}.Release|Any CPU.ActiveCfg = Release|Any CPU
		{296C7806-31BA-49DF-B82A-85FCB20690EE}.Release|Any CPU.Build.0 = Release|Any CPU
	EndGlobalSection
	GlobalSection(SolutionProperties) = preSolution
		HideSolutionNode = FALSE
	EndGlobalSection
	GlobalSection(ExtensibilityGlobals) = postSolution
		SolutionGuid = {103C986D-5BDC-493D-82D2-20966478DF60}
	EndGlobalSection
EndGlobal
